
Microsoft Visual Studio Solution File, Format Version 12.00
# Visual Studio 15
VisualStudioVersion = 15.0.28307.438
MinimumVisualStudioVersion = 10.0.40219.1
Project("{FAE04EC0-301F-11D3-BF4B-00C04F79EFBC}") = "ScannerWinService", "scanner_win_service\ScannerWinService.csproj", "{B18197DC-1E97-4C8C-97FC-0F52240BC886}"
EndProject
Project("{FAE04EC0-301F-11D3-BF4B-00C04F79EFBC}") = "ClientScanner", "ClientScanner\ClientScanner.csproj", "{64061B76-327B-40E0-ACE8-2444BF705252}"
EndProject
Project("{2150E333-8FDC-42A3-9474-1A3956D46DE8}") = "Examples", "Examples", "{3F286A4B-11B0-428F-AACF-640BAEC9C6B0}"
EndProject
Project("{FAE04EC0-301F-11D3-BF4B-00C04F79EFBC}") = "ScannerPageExample", "ScannerPageExample\ScannerPageExample.csproj", "{FC4278D4-4DEA-46AB-BC30-2ABF5919A22E}"
EndProject
Global
	GlobalSection(SolutionConfigurationPlatforms) = preSolution
		Debug|Any CPU = Debug|Any CPU
		Release|Any CPU = Release|Any CPU
	EndGlobalSection
	GlobalSection(ProjectConfigurationPlatforms) = postSolution
		{B18197DC-1E97-4C8C-97FC-0F52240BC886}.Debug|Any CPU.ActiveCfg = Debug|Any CPU
		{B18197DC-1E97-4C8C-97FC-0F52240BC886}.Debug|Any CPU.Build.0 = Debug|Any CPU
		{B18197DC-1E97-4C8C-97FC-0F52240BC886}.Release|Any CPU.ActiveCfg = Release|Any CPU
		{B18197DC-1E97-4C8C-97FC-0F52240BC886}.Release|Any CPU.Build.0 = Release|Any CPU
		{64061B76-327B-40E0-ACE8-2444BF705252}.Debug|Any CPU.ActiveCfg = Debug|Any CPU
		{64061B76-327B-40E0-ACE8-2444BF705252}.Debug|Any CPU.Build.0 = Debug|Any CPU
		{64061B76-327B-40E0-ACE8-2444BF705252}.Release|Any CPU.ActiveCfg = Release|Any CPU
		{64061B76-327B-40E0-ACE8-2444BF705252}.Release|Any CPU.Build.0 = Release|Any CPU
		{FC4278D4-4DEA-46AB-BC30-2ABF5919A22E}.Debug|Any CPU.ActiveCfg = Debug|Any CPU
		{FC4278D4-4DEA-46AB-BC30-2ABF5919A22E}.Debug|Any CPU.Build.0 = Debug|Any CPU
		{FC4278D4-4DEA-46AB-BC30-2ABF5919A22E}.Release|Any CPU.ActiveCfg = Release|Any CPU
		{FC4278D4-4DEA-46AB-BC30-2ABF5919A22E}.Release|Any CPU.Build.0 = Release|Any CPU
	EndGlobalSection
	GlobalSection(SolutionProperties) = preSolution
		HideSolutionNode = FALSE
	EndGlobalSection
	GlobalSection(NestedProjects) = preSolution
		{FC4278D4-4DEA-46AB-BC30-2ABF5919A22E} = {3F286A4B-11B0-428F-AACF-640BAEC9C6B0}
	EndGlobalSection
	GlobalSection(ExtensibilityGlobals) = postSolution
		SolutionGuid = {CFBB7FEC-A536-41F4-A5D4-6B9BEF216F54}
	EndGlobalSection
EndGlobal
